// !$*UTF8*$!
{
	archiveVersion = 1;
	classes = {
	};
	objectVersion = 56;
	objects = {

/* Begin PBXBuildFile section */
		1F716FEA2A488A8100362DB5 /* NetworkManager.swift in Sources */ = {isa = PBXBuildFile; fileRef = 1F716FE92A488A8100362DB5 /* NetworkManager.swift */; };
		1F716FEF2A4897C900362DB5 /* RocketViewController.swift in Sources */ = {isa = PBXBuildFile; fileRef = 1F716FEE2A4897C900362DB5 /* RocketViewController.swift */; };
		1F716FF12A48ADE000362DB5 /* MeasurementUnitSystem.swift in Sources */ = {isa = PBXBuildFile; fileRef = 1F716FF02A48ADE000362DB5 /* MeasurementUnitSystem.swift */; };
		1F93F35C2A41CE1600C330BD /* AppDelegate.swift in Sources */ = {isa = PBXBuildFile; fileRef = 1F93F35B2A41CE1600C330BD /* AppDelegate.swift */; };
		1F93F35E2A41CE1600C330BD /* SceneDelegate.swift in Sources */ = {isa = PBXBuildFile; fileRef = 1F93F35D2A41CE1600C330BD /* SceneDelegate.swift */; };
		1F93F3602A41CE1600C330BD /* MainViewController.swift in Sources */ = {isa = PBXBuildFile; fileRef = 1F93F35F2A41CE1600C330BD /* MainViewController.swift */; };
		1F93F3632A41CE1600C330BD /* Main.storyboard in Resources */ = {isa = PBXBuildFile; fileRef = 1F93F3612A41CE1600C330BD /* Main.storyboard */; };
		1F93F3652A41CE1900C330BD /* Assets.xcassets in Resources */ = {isa = PBXBuildFile; fileRef = 1F93F3642A41CE1900C330BD /* Assets.xcassets */; };
		1F93F3682A41CE1900C330BD /* LaunchScreen.storyboard in Resources */ = {isa = PBXBuildFile; fileRef = 1F93F3662A41CE1900C330BD /* LaunchScreen.storyboard */; };
		1F93F3732A41CE4D00C330BD /* Rocket.swift in Sources */ = {isa = PBXBuildFile; fileRef = 1F93F3722A41CE4D00C330BD /* Rocket.swift */; };
/* End PBXBuildFile section */

/* Begin PBXFileReference section */
		1F716FE92A488A8100362DB5 /* NetworkManager.swift */ = {isa = PBXFileReference; lastKnownFileType = sourcecode.swift; path = NetworkManager.swift; sourceTree = "<group>"; };
		1F716FEE2A4897C900362DB5 /* RocketViewController.swift */ = {isa = PBXFileReference; lastKnownFileType = sourcecode.swift; name = RocketViewController.swift; path = ../../RocketViewController.swift; sourceTree = "<group>"; };
		1F716FF02A48ADE000362DB5 /* MeasurementUnitSystem.swift */ = {isa = PBXFileReference; lastKnownFileType = sourcecode.swift; path = MeasurementUnitSystem.swift; sourceTree = "<group>"; };
		1F93F3582A41CE1600C330BD /* spaceX_app.app */ = {isa = PBXFileReference; explicitFileType = wrapper.application; includeInIndex = 0; path = spaceX_app.app; sourceTree = BUILT_PRODUCTS_DIR; };
		1F93F35B2A41CE1600C330BD /* AppDelegate.swift */ = {isa = PBXFileReference; lastKnownFileType = sourcecode.swift; path = AppDelegate.swift; sourceTree = "<group>"; };
		1F93F35D2A41CE1600C330BD /* SceneDelegate.swift */ = {isa = PBXFileReference; lastKnownFileType = sourcecode.swift; path = SceneDelegate.swift; sourceTree = "<group>"; };
		1F93F35F2A41CE1600C330BD /* MainViewController.swift */ = {isa = PBXFileReference; lastKnownFileType = sourcecode.swift; path = MainViewController.swift; sourceTree = "<group>"; };
		1F93F3622A41CE1600C330BD /* Base */ = {isa = PBXFileReference; lastKnownFileType = file.storyboard; name = Base; path = Base.lproj/Main.storyboard; sourceTree = "<group>"; };
		1F93F3642A41CE1900C330BD /* Assets.xcassets */ = {isa = PBXFileReference; lastKnownFileType = folder.assetcatalog; path = Assets.xcassets; sourceTree = "<group>"; };
		1F93F3672A41CE1900C330BD /* Base */ = {isa = PBXFileReference; lastKnownFileType = file.storyboard; name = Base; path = Base.lproj/LaunchScreen.storyboard; sourceTree = "<group>"; };
		1F93F3692A41CE1900C330BD /* Info.plist */ = {isa = PBXFileReference; lastKnownFileType = text.plist.xml; path = Info.plist; sourceTree = "<group>"; };
		1F93F3722A41CE4D00C330BD /* Rocket.swift */ = {isa = PBXFileReference; lastKnownFileType = sourcecode.swift; path = Rocket.swift; sourceTree = "<group>"; };
/* End PBXFileReference section */

/* Begin PBXFrameworksBuildPhase section */
		1F93F3552A41CE1600C330BD /* Frameworks */ = {
			isa = PBXFrameworksBuildPhase;
			buildActionMask = 2147483647;
			files = (
			);
			runOnlyForDeploymentPostprocessing = 0;
		};
/* End PBXFrameworksBuildPhase section */

/* Begin PBXGroup section */
		1F716FEB2A488A8700362DB5 /* Services */ = {
			isa = PBXGroup;
			children = (
				1F716FE92A488A8100362DB5 /* NetworkManager.swift */,
			);
			path = Services;
			sourceTree = "<group>";
		};
		1F93F34F2A41CE1600C330BD = {
			isa = PBXGroup;
			children = (
				1F93F35A2A41CE1600C330BD /* spaceX_app */,
				1F93F3592A41CE1600C330BD /* Products */,
			);
			sourceTree = "<group>";
		};
		1F93F3592A41CE1600C330BD /* Products */ = {
			isa = PBXGroup;
			children = (
				1F93F3582A41CE1600C330BD /* spaceX_app.app */,
			);
			name = Products;
			sourceTree = "<group>";
		};
		1F93F35A2A41CE1600C330BD /* spaceX_app */ = {
			isa = PBXGroup;
			children = (
				1F716FEB2A488A8700362DB5 /* Services */,
				1F93F3742A41CE5F00C330BD /* Models */,
				1F93F36F2A41CE2500C330BD /* Config */,
				1F93F3702A41CE3600C330BD /* View Controllers */,
				1F93F3712A41CE4000C330BD /* Storyboards */,
				1F93F3642A41CE1900C330BD /* Assets.xcassets */,
			);
			path = spaceX_app;
			sourceTree = "<group>";
		};
		1F93F36F2A41CE2500C330BD /* Config */ = {
			isa = PBXGroup;
			children = (
				1F93F35B2A41CE1600C330BD /* AppDelegate.swift */,
				1F93F35D2A41CE1600C330BD /* SceneDelegate.swift */,
				1F93F3692A41CE1900C330BD /* Info.plist */,
			);
			path = Config;
			sourceTree = "<group>";
		};
		1F93F3702A41CE3600C330BD /* View Controllers */ = {
			isa = PBXGroup;
			children = (
				1F716FEE2A4897C900362DB5 /* RocketViewController.swift */,
				1F93F35F2A41CE1600C330BD /* MainViewController.swift */,
			);
			path = "View Controllers";
			sourceTree = "<group>";
		};
		1F93F3712A41CE4000C330BD /* Storyboards */ = {
			isa = PBXGroup;
			children = (
				1F93F3612A41CE1600C330BD /* Main.storyboard */,
				1F93F3662A41CE1900C330BD /* LaunchScreen.storyboard */,
			);
			path = Storyboards;
			sourceTree = "<group>";
		};
		1F93F3742A41CE5F00C330BD /* Models */ = {
			isa = PBXGroup;
			children = (
				1F93F3722A41CE4D00C330BD /* Rocket.swift */,
				1F716FF02A48ADE000362DB5 /* MeasurementUnitSystem.swift */,
			);
			path = Models;
			sourceTree = "<group>";
		};
/* End PBXGroup section */

/* Begin PBXNativeTarget section */
		1F93F3572A41CE1600C330BD /* spaceX_app */ = {
			isa = PBXNativeTarget;
			buildConfigurationList = 1F93F36C2A41CE1900C330BD /* Build configuration list for PBXNativeTarget "spaceX_app" */;
			buildPhases = (
				1F93F3542A41CE1600C330BD /* Sources */,
				1F93F3552A41CE1600C330BD /* Frameworks */,
				1F93F3562A41CE1600C330BD /* Resources */,
			);
			buildRules = (
			);
			dependencies = (
			);
			name = spaceX_app;
			productName = spaceX_app;
			productReference = 1F93F3582A41CE1600C330BD /* spaceX_app.app */;
			productType = "com.apple.product-type.application";
		};
/* End PBXNativeTarget section */

/* Begin PBXProject section */
		1F93F3502A41CE1600C330BD /* Project object */ = {
			isa = PBXProject;
			attributes = {
				BuildIndependentTargetsInParallel = 1;
				LastSwiftUpdateCheck = 1430;
				LastUpgradeCheck = 1430;
				TargetAttributes = {
					1F93F3572A41CE1600C330BD = {
						CreatedOnToolsVersion = 14.3;
					};
				};
			};
			buildConfigurationList = 1F93F3532A41CE1600C330BD /* Build configuration list for PBXProject "spaceX_app" */;
			compatibilityVersion = "Xcode 14.0";
			developmentRegion = en;
			hasScannedForEncodings = 0;
			knownRegions = (
				en,
				Base,
			);
			mainGroup = 1F93F34F2A41CE1600C330BD;
			productRefGroup = 1F93F3592A41CE1600C330BD /* Products */;
			projectDirPath = "";
			projectRoot = "";
			targets = (
				1F93F3572A41CE1600C330BD /* spaceX_app */,
			);
		};
/* End PBXProject section */

/* Begin PBXResourcesBuildPhase section */
		1F93F3562A41CE1600C330BD /* Resources */ = {
			isa = PBXResourcesBuildPhase;
			buildActionMask = 2147483647;
			files = (
				1F93F3682A41CE1900C330BD /* LaunchScreen.storyboard in Resources */,
				1F93F3652A41CE1900C330BD /* Assets.xcassets in Resources */,
				1F93F3632A41CE1600C330BD /* Main.storyboard in Resources */,
			);
			runOnlyForDeploymentPostprocessing = 0;
		};
/* End PBXResourcesBuildPhase section */

/* Begin PBXSourcesBuildPhase section */
		1F93F3542A41CE1600C330BD /* Sources */ = {
			isa = PBXSourcesBuildPhase;
			buildActionMask = 2147483647;
			files = (
				1F93F3602A41CE1600C330BD /* MainViewController.swift in Sources */,
				1F93F35C2A41CE1600C330BD /* AppDelegate.swift in Sources */,
				1F716FF12A48ADE000362DB5 /* MeasurementUnitSystem.swift in Sources */,
				1F716FEF2A4897C900362DB5 /* RocketViewController.swift in Sources */,
				1F716FEA2A488A8100362DB5 /* NetworkManager.swift in Sources */,
				1F93F35E2A41CE1600C330BD /* SceneDelegate.swift in Sources */,
				1F93F3732A41CE4D00C330BD /* Rocket.swift in Sources */,
			);
			runOnlyForDeploymentPostprocessing = 0;
		};
/* End PBXSourcesBuildPhase section */

/* Begin PBXVariantGroup section */
		1F93F3612A41CE1600C330BD /* Main.storyboard */ = {
			isa = PBXVariantGroup;
			children = (
				1F93F3622A41CE1600C330BD /* Base */,
			);
			name = Main.storyboard;
			sourceTree = "<group>";
		};
		1F93F3662A41CE1900C330BD /* LaunchScreen.storyboard */ = {
			isa = PBXVariantGroup;
			children = (
				1F93F3672A41CE1900C330BD /* Base */,
			);
			name = LaunchScreen.storyboard;
			sourceTree = "<group>";
		};
/* End PBXVariantGroup section */

/* Begin XCBuildConfiguration section */
		1F93F36A2A41CE1900C330BD /* Debug */ = {
			isa = XCBuildConfiguration;
			buildSettings = {
				ALWAYS_SEARCH_USER_PATHS = NO;
				CLANG_ANALYZER_NONNULL = YES;
				CLANG_ANALYZER_NUMBER_OBJECT_CONVERSION = YES_AGGRESSIVE;
				CLANG_CXX_LANGUAGE_STANDARD = "gnu++20";
				CLANG_ENABLE_MODULES = YES;
				CLANG_ENABLE_OBJC_ARC = YES;
				CLANG_ENABLE_OBJC_WEAK = YES;
				CLANG_WARN_BLOCK_CAPTURE_AUTORELEASING = YES;
				CLANG_WARN_BOOL_CONVERSION = YES;
				CLANG_WARN_COMMA = YES;
				CLANG_WARN_CONSTANT_CONVERSION = YES;
				CLANG_WARN_DEPRECATED_OBJC_IMPLEMENTATIONS = YES;
				CLANG_WARN_DIRECT_OBJC_ISA_USAGE = YES_ERROR;
				CLANG_WARN_DOCUMENTATION_COMMENTS = YES;
				CLANG_WARN_EMPTY_BODY = YES;
				CLANG_WARN_ENUM_CONVERSION = YES;
				CLANG_WARN_INFINITE_RECURSION = YES;
				CLANG_WARN_INT_CONVERSION = YES;
				CLANG_WARN_NON_LITERAL_NULL_CONVERSION = YES;
				CLANG_WARN_OBJC_IMPLICIT_RETAIN_SELF = YES;
				CLANG_WARN_OBJC_LITERAL_CONVERSION = YES;
				CLANG_WARN_OBJC_ROOT_CLASS = YES_ERROR;
				CLANG_WARN_QUOTED_INCLUDE_IN_FRAMEWORK_HEADER = YES;
				CLANG_WARN_RANGE_LOOP_ANALYSIS = YES;
				CLANG_WARN_STRICT_PROTOTYPES = YES;
				CLANG_WARN_SUSPICIOUS_MOVE = YES;
				CLANG_WARN_UNGUARDED_AVAILABILITY = YES_AGGRESSIVE;
				CLANG_WARN_UNREACHABLE_CODE = YES;
				CLANG_WARN__DUPLICATE_METHOD_MATCH = YES;
				COPY_PHASE_STRIP = NO;
				DEBUG_INFORMATION_FORMAT = dwarf;
				ENABLE_STRICT_OBJC_MSGSEND = YES;
				ENABLE_TESTABILITY = YES;
				GCC_C_LANGUAGE_STANDARD = gnu11;
				GCC_DYNAMIC_NO_PIC = NO;
				GCC_NO_COMMON_BLOCKS = YES;
				GCC_OPTIMIZATION_LEVEL = 0;
				GCC_PREPROCESSOR_DEFINITIONS = (
					"DEBUG=1",
					"$(inherited)",
				);
				GCC_WARN_64_TO_32_BIT_CONVERSION = YES;
				GCC_WARN_ABOUT_RETURN_TYPE = YES_ERROR;
				GCC_WARN_UNDECLARED_SELECTOR = YES;
				GCC_WARN_UNINITIALIZED_AUTOS = YES_AGGRESSIVE;
				GCC_WARN_UNUSED_FUNCTION = YES;
				GCC_WARN_UNUSED_VARIABLE = YES;
				IPHONEOS_DEPLOYMENT_TARGET = 16.4;
				MTL_ENABLE_DEBUG_INFO = INCLUDE_SOURCE;
				MTL_FAST_MATH = YES;
				ONLY_ACTIVE_ARCH = YES;
				SDKROOT = iphoneos;
				SWIFT_ACTIVE_COMPILATION_CONDITIONS = DEBUG;
				SWIFT_OPTIMIZATION_LEVEL = "-Onone";
			};
			name = Debug;
		};
		1F93F36B2A41CE1900C330BD /* Release */ = {
			isa = XCBuildConfiguration;
			buildSettings = {
				ALWAYS_SEARCH_USER_PATHS = NO;
				CLANG_ANALYZER_NONNULL = YES;
				CLANG_ANALYZER_NUMBER_OBJECT_CONVERSION = YES_AGGRESSIVE;
				CLANG_CXX_LANGUAGE_STANDARD = "gnu++20";
				CLANG_ENABLE_MODULES = YES;
				CLANG_ENABLE_OBJC_ARC = YES;
				CLANG_ENABLE_OBJC_WEAK = YES;
				CLANG_WARN_BLOCK_CAPTURE_AUTORELEASING = YES;
				CLANG_WARN_BOOL_CONVERSION = YES;
				CLANG_WARN_COMMA = YES;
				CLANG_WARN_CONSTANT_CONVERSION = YES;
				CLANG_WARN_DEPRECATED_OBJC_IMPLEMENTATIONS = YES;
				CLANG_WARN_DIRECT_OBJC_ISA_USAGE = YES_ERROR;
				CLANG_WARN_DOCUMENTATION_COMMENTS = YES;
				CLANG_WARN_EMPTY_BODY = YES;
				CLANG_WARN_ENUM_CONVERSION = YES;
				CLANG_WARN_INFINITE_RECURSION = YES;
				CLANG_WARN_INT_CONVERSION = YES;
				CLANG_WARN_NON_LITERAL_NULL_CONVERSION = YES;
				CLANG_WARN_OBJC_IMPLICIT_RETAIN_SELF = YES;
				CLANG_WARN_OBJC_LITERAL_CONVERSION = YES;
				CLANG_WARN_OBJC_ROOT_CLASS = YES_ERROR;
				CLANG_WARN_QUOTED_INCLUDE_IN_FRAMEWORK_HEADER = YES;
				CLANG_WARN_RANGE_LOOP_ANALYSIS = YES;
				CLANG_WARN_STRICT_PROTOTYPES = YES;
				CLANG_WARN_SUSPICIOUS_MOVE = YES;
				CLANG_WARN_UNGUARDED_AVAILABILITY = YES_AGGRESSIVE;
				CLANG_WARN_UNREACHABLE_CODE = YES;
				CLANG_WARN__DUPLICATE_METHOD_MATCH = YES;
				COPY_PHASE_STRIP = NO;
				DEBUG_INFORMATION_FORMAT = "dwarf-with-dsym";
				ENABLE_NS_ASSERTIONS = NO;
				ENABLE_STRICT_OBJC_MSGSEND = YES;
				GCC_C_LANGUAGE_STANDARD = gnu11;
				GCC_NO_COMMON_BLOCKS = YES;
				GCC_WARN_64_TO_32_BIT_CONVERSION = YES;
				GCC_WARN_ABOUT_RETURN_TYPE = YES_ERROR;
				GCC_WARN_UNDECLARED_SELECTOR = YES;
				GCC_WARN_UNINITIALIZED_AUTOS = YES_AGGRESSIVE;
				GCC_WARN_UNUSED_FUNCTION = YES;
				GCC_WARN_UNUSED_VARIABLE = YES;
				IPHONEOS_DEPLOYMENT_TARGET = 16.4;
				MTL_ENABLE_DEBUG_INFO = NO;
				MTL_FAST_MATH = YES;
				SDKROOT = iphoneos;
				SWIFT_COMPILATION_MODE = wholemodule;
				SWIFT_OPTIMIZATION_LEVEL = "-O";
				VALIDATE_PRODUCT = YES;
			};
			name = Release;
		};
		1F93F36D2A41CE1900C330BD /* Debug */ = {
			isa = XCBuildConfiguration;
			buildSettings = {
				ASSETCATALOG_COMPILER_APPICON_NAME = AppIcon;
				ASSETCATALOG_COMPILER_GLOBAL_ACCENT_COLOR_NAME = AccentColor;
				CODE_SIGN_STYLE = Automatic;
				CURRENT_PROJECT_VERSION = 1;
				DEVELOPMENT_TEAM = HUJ988ZQ9U;
				GENERATE_INFOPLIST_FILE = YES;
				INFOPLIST_FILE = spaceX_app/Config/Info.plist;
				INFOPLIST_KEY_UIApplicationSupportsIndirectInputEvents = YES;
				INFOPLIST_KEY_UILaunchStoryboardName = LaunchScreen;
				INFOPLIST_KEY_UIMainStoryboardFile = Main;
				INFOPLIST_KEY_UISupportedInterfaceOrientations_iPad = "UIInterfaceOrientationPortrait UIInterfaceOrientationPortraitUpsideDown UIInterfaceOrientationLandscapeLeft UIInterfaceOrientationLandscapeRight";
				INFOPLIST_KEY_UISupportedInterfaceOrientations_iPhone = "UIInterfaceOrientationPortrait UIInterfaceOrientationLandscapeLeft UIInterfaceOrientationLandscapeRight";
				LD_RUNPATH_SEARCH_PATHS = (
					"$(inherited)",
					"@executable_path/Frameworks",
				);
				MARKETING_VERSION = 1.0;
				PRODUCT_BUNDLE_IDENTIFIER = "mamlygo.spaceX-app";
				PRODUCT_NAME = "$(TARGET_NAME)";
				SWIFT_EMIT_LOC_STRINGS = YES;
				SWIFT_VERSION = 5.0;
				TARGETED_DEVICE_FAMILY = "1,2";
			};
			name = Debug;
		};
		1F93F36E2A41CE1900C330BD /* Release */ = {
			isa = XCBuildConfiguration;
			buildSettings = {
				ASSETCATALOG_COMPILER_APPICON_NAME = AppIcon;
				ASSETCATALOG_COMPILER_GLOBAL_ACCENT_COLOR_NAME = AccentColor;
				CODE_SIGN_STYLE = Automatic;
				CURRENT_PROJECT_VERSION = 1;
				DEVELOPMENT_TEAM = HUJ988ZQ9U;
				GENERATE_INFOPLIST_FILE = YES;
				INFOPLIST_FILE = spaceX_app/Config/Info.plist;
				INFOPLIST_KEY_UIApplicationSupportsIndirectInputEvents = YES;
				INFOPLIST_KEY_UILaunchStoryboardName = LaunchScreen;
				INFOPLIST_KEY_UIMainStoryboardFile = Main;
				INFOPLIST_KEY_UISupportedInterfaceOrientations_iPad = "UIInterfaceOrientationPortrait UIInterfaceOrientationPortraitUpsideDown UIInterfaceOrientationLandscapeLeft UIInterfaceOrientationLandscapeRight";
				INFOPLIST_KEY_UISupportedInterfaceOrientations_iPhone = "UIInterfaceOrientationPortrait UIInterfaceOrientationLandscapeLeft UIInterfaceOrientationLandscapeRight";
				LD_RUNPATH_SEARCH_PATHS = (
					"$(inherited)",
					"@executable_path/Frameworks",
				);
				MARKETING_VERSION = 1.0;
				PRODUCT_BUNDLE_IDENTIFIER = "mamlygo.spaceX-app";
				PRODUCT_NAME = "$(TARGET_NAME)";
				SWIFT_EMIT_LOC_STRINGS = YES;
				SWIFT_VERSION = 5.0;
				TARGETED_DEVICE_FAMILY = "1,2";
			};
			name = Release;
		};
/* End XCBuildConfiguration section */

/* Begin XCConfigurationList section */
		1F93F3532A41CE1600C330BD /* Build configuration list for PBXProject "spaceX_app" */ = {
			isa = XCConfigurationList;
			buildConfigurations = (
				1F93F36A2A41CE1900C330BD /* Debug */,
				1F93F36B2A41CE1900C330BD /* Release */,
			);
			defaultConfigurationIsVisible = 0;
			defaultConfigurationName = Release;
		};
		1F93F36C2A41CE1900C330BD /* Build configuration list for PBXNativeTarget "spaceX_app" */ = {
			isa = XCConfigurationList;
			buildConfigurations = (
				1F93F36D2A41CE1900C330BD /* Debug */,
				1F93F36E2A41CE1900C330BD /* Release */,
			);
			defaultConfigurationIsVisible = 0;
			defaultConfigurationName = Release;
		};
/* End XCConfigurationList section */
	};
	rootObject = 1F93F3502A41CE1600C330BD /* Project object */;
}
